
Microsoft Visual Studio Solution File, Format Version 11.00
# Visual Studio 2010
Project("{FAE04EC0-301F-11D3-BF4B-00C04F79EFBC}") = "Assembly-CSharp", "Assembly-CSharp.csproj", "{a8495e85-9b0a-ac3b-d5bc-2990dae0b55f}"
EndProject
Project("{FAE04EC0-301F-11D3-BF4B-00C04F79EFBC}") = "Assembly-CSharp-firstpass", "Assembly-CSharp-firstpass.csproj", "{633be69f-81d2-5ef6-149c-dd2ce0d1edb4}"
EndProject
Project("{FAE04EC0-301F-11D3-BF4B-00C04F79EFBC}") = "Assembly-CSharp-Editor-firstpass", "Assembly-CSharp-Editor-firstpass.csproj", "{eba0132e-ca70-bf22-6ab4-2ffd49d4c96a}"
EndProject
Project("{FAE04EC0-301F-11D3-BF4B-00C04F79EFBC}") = "Assembly-CSharp-Editor", "Assembly-CSharp-Editor.csproj", "{f536a09b-305e-f7ba-7050-0a410f67a8ce}"
EndProject
Global
	GlobalSection(SolutionConfigurationPlatforms) = preSolution
		Debug|Any CPU = Debug|Any CPU
	EndGlobalSection
	GlobalSection(ProjectConfigurationPlatforms) = postSolution
		{a8495e85-9b0a-ac3b-d5bc-2990dae0b55f}.Debug|Any CPU.ActiveCfg = Debug|Any CPU
		{a8495e85-9b0a-ac3b-d5bc-2990dae0b55f}.Debug|Any CPU.Build.0 = Debug|Any CPU
		{633be69f-81d2-5ef6-149c-dd2ce0d1edb4}.Debug|Any CPU.ActiveCfg = Debug|Any CPU
		{633be69f-81d2-5ef6-149c-dd2ce0d1edb4}.Debug|Any CPU.Build.0 = Debug|Any CPU
		{eba0132e-ca70-bf22-6ab4-2ffd49d4c96a}.Debug|Any CPU.ActiveCfg = Debug|Any CPU
		{eba0132e-ca70-bf22-6ab4-2ffd49d4c96a}.Debug|Any CPU.Build.0 = Debug|Any CPU
		{f536a09b-305e-f7ba-7050-0a410f67a8ce}.Debug|Any CPU.ActiveCfg = Debug|Any CPU
		{f536a09b-305e-f7ba-7050-0a410f67a8ce}.Debug|Any CPU.Build.0 = Debug|Any CPU
	EndGlobalSection
	GlobalSection(SolutionProperties) = preSolution
		HideSolutionNode = FALSE
	EndGlobalSection
EndGlobal
