
Microsoft Visual Studio Solution File, Format Version 12.00
# Visual Studio 15
Project("{FAE04EC0-301F-11D3-BF4B-00C04F79EFBC}") = "UnityEngine.TestRunner", "UnityEngine.TestRunner.csproj", "{4647B019-E41E-F86F-8D84-5302E71444EB}"
EndProject
Project("{FAE04EC0-301F-11D3-BF4B-00C04F79EFBC}") = "Assembly-CSharp", "Assembly-CSharp.csproj", "{855E49A8-0A9B-3BAC-D5BC-2990DAE0B55F}"
EndProject
Project("{FAE04EC0-301F-11D3-BF4B-00C04F79EFBC}") = "UnityEngine.UI", "UnityEngine.UI.csproj", "{FF44E075-4307-199B-9648-4792DAFA6967}"
EndProject
Project("{FAE04EC0-301F-11D3-BF4B-00C04F79EFBC}") = "Unity.TextMeshPro", "Unity.TextMeshPro.csproj", "{D7998917-2E3D-F94A-EDED-C05A7CD2163C}"
EndProject
Project("{FAE04EC0-301F-11D3-BF4B-00C04F79EFBC}") = "Unity.Timeline", "Unity.Timeline.csproj", "{0E603F84-DB5A-E4CD-78DC-D7BD5F1C38EF}"
EndProject
Project("{FAE04EC0-301F-11D3-BF4B-00C04F79EFBC}") = "Assembly-CSharp-firstpass", "Assembly-CSharp-firstpass.csproj", "{9FE63B63-D281-F65E-149C-DD2CE0D1EDB4}"
EndProject
Project("{FAE04EC0-301F-11D3-BF4B-00C04F79EFBC}") = "UnityEditor.TestRunner", "UnityEditor.TestRunner.csproj", "{3C708628-0A3B-F6B3-88EB-2AB5E8DD59A6}"
EndProject
Project("{FAE04EC0-301F-11D3-BF4B-00C04F79EFBC}") = "Unity.VisualStudio.Editor", "Unity.VisualStudio.Editor.csproj", "{12C734F5-DA04-060B-730A-AEB27F93F8DD}"
EndProject
Project("{FAE04EC0-301F-11D3-BF4B-00C04F79EFBC}") = "Unity.TextMeshPro.Editor", "Unity.TextMeshPro.Editor.csproj", "{8CEE0F63-7443-72D6-0AB2-AD7C7C0C1248}"
EndProject
Project("{FAE04EC0-301F-11D3-BF4B-00C04F79EFBC}") = "Unity.Timeline.Editor", "Unity.Timeline.Editor.csproj", "{DA1D79DC-7A07-6E88-DAB3-AAA832D42D01}"
EndProject
Project("{FAE04EC0-301F-11D3-BF4B-00C04F79EFBC}") = "Unity.PlasticSCM.Editor", "Unity.PlasticSCM.Editor.csproj", "{407EA6C7-7370-4456-B53A-936DB55CC301}"
EndProject
Project("{FAE04EC0-301F-11D3-BF4B-00C04F79EFBC}") = "Assembly-CSharp-Editor-firstpass", "Assembly-CSharp-Editor-firstpass.csproj", "{2E13A0EB-70CA-22BF-6AB4-2FFD49D4C96A}"
EndProject
Project("{FAE04EC0-301F-11D3-BF4B-00C04F79EFBC}") = "UnityEditor.UI", "UnityEditor.UI.csproj", "{45954EC8-D038-1E62-5978-6DC07F203D59}"
EndProject
Project("{FAE04EC0-301F-11D3-BF4B-00C04F79EFBC}") = "Unity.Rider.Editor", "Unity.Rider.Editor.csproj", "{0E891C01-FF1C-C1F5-6D77-032343818963}"
EndProject
Project("{FAE04EC0-301F-11D3-BF4B-00C04F79EFBC}") = "Assembly-CSharp-Editor", "Assembly-CSharp-Editor.csproj", "{9BA036F5-5E30-BAF7-7050-0A410F67A8CE}"
EndProject
Project("{FAE04EC0-301F-11D3-BF4B-00C04F79EFBC}") = "Unity.CollabProxy.Editor", "Unity.CollabProxy.Editor.csproj", "{002BF36A-0FEC-D00C-6167-BBB4DCF2CE40}"
EndProject
Project("{FAE04EC0-301F-11D3-BF4B-00C04F79EFBC}") = "Unity.VSCode.Editor", "Unity.VSCode.Editor.csproj", "{BCA6AC9A-D22A-7950-8E27-17C883BFDF16}"
EndProject
Project("{FAE04EC0-301F-11D3-BF4B-00C04F79EFBC}") = "UnityEngine.TestRunner", "UnityEngine.TestRunner.Player.csproj", "{5B31324E-4895-2DF7-DFF1-C4AD7F2BDC4A}"
EndProject
Project("{FAE04EC0-301F-11D3-BF4B-00C04F79EFBC}") = "Assembly-CSharp", "Assembly-CSharp.Player.csproj", "{A80356A2-12D6-BC4C-9C83-3845FE26464B}"
EndProject
Project("{FAE04EC0-301F-11D3-BF4B-00C04F79EFBC}") = "UnityEngine.UI", "UnityEngine.UI.Player.csproj", "{091DF0A3-5704-2251-E4BD-FCE4EE9F8952}"
EndProject
Project("{FAE04EC0-301F-11D3-BF4B-00C04F79EFBC}") = "Unity.TextMeshPro", "Unity.TextMeshPro.Player.csproj", "{28563298-AD57-6055-1549-17ED73CC03C5}"
EndProject
Project("{FAE04EC0-301F-11D3-BF4B-00C04F79EFBC}") = "Unity.Timeline", "Unity.Timeline.Player.csproj", "{DEA47A1D-38BA-B3ED-998B-F77B06701FCD}"
EndProject
Project("{FAE04EC0-301F-11D3-BF4B-00C04F79EFBC}") = "Assembly-CSharp-firstpass", "Assembly-CSharp-firstpass.Player.csproj", "{3A6F1765-4F81-D9B8-9071-B6C0488ADF90}"
EndProject
Global
	GlobalSection(SolutionConfigurationPlatforms) = preSolution
		Debug|Any CPU = Debug|Any CPU
		Release|Any CPU = Release|Any CPU
	EndGlobalSection
	GlobalSection(ProjectConfigurationPlatforms) = postSolution
		{4647B019-E41E-F86F-8D84-5302E71444EB}.Debug|Any CPU.ActiveCfg = Debug|Any CPU
		{4647B019-E41E-F86F-8D84-5302E71444EB}.Debug|Any CPU.Build.0 = Debug|Any CPU
		{4647B019-E41E-F86F-8D84-5302E71444EB}.Release|Any CPU.ActiveCfg = Release|Any CPU
		{4647B019-E41E-F86F-8D84-5302E71444EB}.Release|Any CPU.Build.0 = Release|Any CPU
		{855E49A8-0A9B-3BAC-D5BC-2990DAE0B55F}.Debug|Any CPU.ActiveCfg = Debug|Any CPU
		{855E49A8-0A9B-3BAC-D5BC-2990DAE0B55F}.Debug|Any CPU.Build.0 = Debug|Any CPU
		{855E49A8-0A9B-3BAC-D5BC-2990DAE0B55F}.Release|Any CPU.ActiveCfg = Release|Any CPU
		{855E49A8-0A9B-3BAC-D5BC-2990DAE0B55F}.Release|Any CPU.Build.0 = Release|Any CPU
		{FF44E075-4307-199B-9648-4792DAFA6967}.Debug|Any CPU.ActiveCfg = Debug|Any CPU
		{FF44E075-4307-199B-9648-4792DAFA6967}.Debug|Any CPU.Build.0 = Debug|Any CPU
		{FF44E075-4307-199B-9648-4792DAFA6967}.Release|Any CPU.ActiveCfg = Release|Any CPU
		{FF44E075-4307-199B-9648-4792DAFA6967}.Release|Any CPU.Build.0 = Release|Any CPU
		{D7998917-2E3D-F94A-EDED-C05A7CD2163C}.Debug|Any CPU.ActiveCfg = Debug|Any CPU
		{D7998917-2E3D-F94A-EDED-C05A7CD2163C}.Debug|Any CPU.Build.0 = Debug|Any CPU
		{D7998917-2E3D-F94A-EDED-C05A7CD2163C}.Release|Any CPU.ActiveCfg = Release|Any CPU
		{D7998917-2E3D-F94A-EDED-C05A7CD2163C}.Release|Any CPU.Build.0 = Release|Any CPU
		{0E603F84-DB5A-E4CD-78DC-D7BD5F1C38EF}.Debug|Any CPU.ActiveCfg = Debug|Any CPU
		{0E603F84-DB5A-E4CD-78DC-D7BD5F1C38EF}.Debug|Any CPU.Build.0 = Debug|Any CPU
		{0E603F84-DB5A-E4CD-78DC-D7BD5F1C38EF}.Release|Any CPU.ActiveCfg = Release|Any CPU
		{0E603F84-DB5A-E4CD-78DC-D7BD5F1C38EF}.Release|Any CPU.Build.0 = Release|Any CPU
		{9FE63B63-D281-F65E-149C-DD2CE0D1EDB4}.Debug|Any CPU.ActiveCfg = Debug|Any CPU
		{9FE63B63-D281-F65E-149C-DD2CE0D1EDB4}.Debug|Any CPU.Build.0 = Debug|Any CPU
		{9FE63B63-D281-F65E-149C-DD2CE0D1EDB4}.Release|Any CPU.ActiveCfg = Release|Any CPU
		{9FE63B63-D281-F65E-149C-DD2CE0D1EDB4}.Release|Any CPU.Build.0 = Release|Any CPU
		{3C708628-0A3B-F6B3-88EB-2AB5E8DD59A6}.Debug|Any CPU.ActiveCfg = Debug|Any CPU
		{3C708628-0A3B-F6B3-88EB-2AB5E8DD59A6}.Debug|Any CPU.Build.0 = Debug|Any CPU
		{3C708628-0A3B-F6B3-88EB-2AB5E8DD59A6}.Release|Any CPU.ActiveCfg = Release|Any CPU
		{3C708628-0A3B-F6B3-88EB-2AB5E8DD59A6}.Release|Any CPU.Build.0 = Release|Any CPU
		{12C734F5-DA04-060B-730A-AEB27F93F8DD}.Debug|Any CPU.ActiveCfg = Debug|Any CPU
		{12C734F5-DA04-060B-730A-AEB27F93F8DD}.Debug|Any CPU.Build.0 = Debug|Any CPU
		{12C734F5-DA04-060B-730A-AEB27F93F8DD}.Release|Any CPU.ActiveCfg = Release|Any CPU
		{12C734F5-DA04-060B-730A-AEB27F93F8DD}.Release|Any CPU.Build.0 = Release|Any CPU
		{8CEE0F63-7443-72D6-0AB2-AD7C7C0C1248}.Debug|Any CPU.ActiveCfg = Debug|Any CPU
		{8CEE0F63-7443-72D6-0AB2-AD7C7C0C1248}.Debug|Any CPU.Build.0 = Debug|Any CPU
		{8CEE0F63-7443-72D6-0AB2-AD7C7C0C1248}.Release|Any CPU.ActiveCfg = Release|Any CPU
		{8CEE0F63-7443-72D6-0AB2-AD7C7C0C1248}.Release|Any CPU.Build.0 = Release|Any CPU
		{DA1D79DC-7A07-6E88-DAB3-AAA832D42D01}.Debug|Any CPU.ActiveCfg = Debug|Any CPU
		{DA1D79DC-7A07-6E88-DAB3-AAA832D42D01}.Debug|Any CPU.Build.0 = Debug|Any CPU
		{DA1D79DC-7A07-6E88-DAB3-AAA832D42D01}.Release|Any CPU.ActiveCfg = Release|Any CPU
		{DA1D79DC-7A07-6E88-DAB3-AAA832D42D01}.Release|Any CPU.Build.0 = Release|Any CPU
		{407EA6C7-7370-4456-B53A-936DB55CC301}.Debug|Any CPU.ActiveCfg = Debug|Any CPU
		{407EA6C7-7370-4456-B53A-936DB55CC301}.Debug|Any CPU.Build.0 = Debug|Any CPU
		{407EA6C7-7370-4456-B53A-936DB55CC301}.Release|Any CPU.ActiveCfg = Release|Any CPU
		{407EA6C7-7370-4456-B53A-936DB55CC301}.Release|Any CPU.Build.0 = Release|Any CPU
		{2E13A0EB-70CA-22BF-6AB4-2FFD49D4C96A}.Debug|Any CPU.ActiveCfg = Debug|Any CPU
		{2E13A0EB-70CA-22BF-6AB4-2FFD49D4C96A}.Debug|Any CPU.Build.0 = Debug|Any CPU
		{2E13A0EB-70CA-22BF-6AB4-2FFD49D4C96A}.Release|Any CPU.ActiveCfg = Release|Any CPU
		{2E13A0EB-70CA-22BF-6AB4-2FFD49D4C96A}.Release|Any CPU.Build.0 = Release|Any CPU
		{45954EC8-D038-1E62-5978-6DC07F203D59}.Debug|Any CPU.ActiveCfg = Debug|Any CPU
		{45954EC8-D038-1E62-5978-6DC07F203D59}.Debug|Any CPU.Build.0 = Debug|Any CPU
		{45954EC8-D038-1E62-5978-6DC07F203D59}.Release|Any CPU.ActiveCfg = Release|Any CPU
		{45954EC8-D038-1E62-5978-6DC07F203D59}.Release|Any CPU.Build.0 = Release|Any CPU
		{0E891C01-FF1C-C1F5-6D77-032343818963}.Debug|Any CPU.ActiveCfg = Debug|Any CPU
		{0E891C01-FF1C-C1F5-6D77-032343818963}.Debug|Any CPU.Build.0 = Debug|Any CPU
		{0E891C01-FF1C-C1F5-6D77-032343818963}.Release|Any CPU.ActiveCfg = Release|Any CPU
		{0E891C01-FF1C-C1F5-6D77-032343818963}.Release|Any CPU.Build.0 = Release|Any CPU
		{9BA036F5-5E30-BAF7-7050-0A410F67A8CE}.Debug|Any CPU.ActiveCfg = Debug|Any CPU
		{9BA036F5-5E30-BAF7-7050-0A410F67A8CE}.Debug|Any CPU.Build.0 = Debug|Any CPU
		{9BA036F5-5E30-BAF7-7050-0A410F67A8CE}.Release|Any CPU.ActiveCfg = Release|Any CPU
		{9BA036F5-5E30-BAF7-7050-0A410F67A8CE}.Release|Any CPU.Build.0 = Release|Any CPU
		{002BF36A-0FEC-D00C-6167-BBB4DCF2CE40}.Debug|Any CPU.ActiveCfg = Debug|Any CPU
		{002BF36A-0FEC-D00C-6167-BBB4DCF2CE40}.Debug|Any CPU.Build.0 = Debug|Any CPU
		{002BF36A-0FEC-D00C-6167-BBB4DCF2CE40}.Release|Any CPU.ActiveCfg = Release|Any CPU
		{002BF36A-0FEC-D00C-6167-BBB4DCF2CE40}.Release|Any CPU.Build.0 = Release|Any CPU
		{BCA6AC9A-D22A-7950-8E27-17C883BFDF16}.Debug|Any CPU.ActiveCfg = Debug|Any CPU
		{BCA6AC9A-D22A-7950-8E27-17C883BFDF16}.Debug|Any CPU.Build.0 = Debug|Any CPU
		{BCA6AC9A-D22A-7950-8E27-17C883BFDF16}.Release|Any CPU.ActiveCfg = Release|Any CPU
		{BCA6AC9A-D22A-7950-8E27-17C883BFDF16}.Release|Any CPU.Build.0 = Release|Any CPU
		{5B31324E-4895-2DF7-DFF1-C4AD7F2BDC4A}.Debug|Any CPU.ActiveCfg = Debug|Any CPU
		{5B31324E-4895-2DF7-DFF1-C4AD7F2BDC4A}.Debug|Any CPU.Build.0 = Debug|Any CPU
		{5B31324E-4895-2DF7-DFF1-C4AD7F2BDC4A}.Release|Any CPU.ActiveCfg = Release|Any CPU
		{5B31324E-4895-2DF7-DFF1-C4AD7F2BDC4A}.Release|Any CPU.Build.0 = Release|Any CPU
		{A80356A2-12D6-BC4C-9C83-3845FE26464B}.Debug|Any CPU.ActiveCfg = Debug|Any CPU
		{A80356A2-12D6-BC4C-9C83-3845FE26464B}.Debug|Any CPU.Build.0 = Debug|Any CPU
		{A80356A2-12D6-BC4C-9C83-3845FE26464B}.Release|Any CPU.ActiveCfg = Release|Any CPU
		{A80356A2-12D6-BC4C-9C83-3845FE26464B}.Release|Any CPU.Build.0 = Release|Any CPU
		{091DF0A3-5704-2251-E4BD-FCE4EE9F8952}.Debug|Any CPU.ActiveCfg = Debug|Any CPU
		{091DF0A3-5704-2251-E4BD-FCE4EE9F8952}.Debug|Any CPU.Build.0 = Debug|Any CPU
		{091DF0A3-5704-2251-E4BD-FCE4EE9F8952}.Release|Any CPU.ActiveCfg = Release|Any CPU
		{091DF0A3-5704-2251-E4BD-FCE4EE9F8952}.Release|Any CPU.Build.0 = Release|Any CPU
		{28563298-AD57-6055-1549-17ED73CC03C5}.Debug|Any CPU.ActiveCfg = Debug|Any CPU
		{28563298-AD57-6055-1549-17ED73CC03C5}.Debug|Any CPU.Build.0 = Debug|Any CPU
		{28563298-AD57-6055-1549-17ED73CC03C5}.Release|Any CPU.ActiveCfg = Release|Any CPU
		{28563298-AD57-6055-1549-17ED73CC03C5}.Release|Any CPU.Build.0 = Release|Any CPU
		{DEA47A1D-38BA-B3ED-998B-F77B06701FCD}.Debug|Any CPU.ActiveCfg = Debug|Any CPU
		{DEA47A1D-38BA-B3ED-998B-F77B06701FCD}.Debug|Any CPU.Build.0 = Debug|Any CPU
		{DEA47A1D-38BA-B3ED-998B-F77B06701FCD}.Release|Any CPU.ActiveCfg = Release|Any CPU
		{DEA47A1D-38BA-B3ED-998B-F77B06701FCD}.Release|Any CPU.Build.0 = Release|Any CPU
		{3A6F1765-4F81-D9B8-9071-B6C0488ADF90}.Debug|Any CPU.ActiveCfg = Debug|Any CPU
		{3A6F1765-4F81-D9B8-9071-B6C0488ADF90}.Debug|Any CPU.Build.0 = Debug|Any CPU
		{3A6F1765-4F81-D9B8-9071-B6C0488ADF90}.Release|Any CPU.ActiveCfg = Release|Any CPU
		{3A6F1765-4F81-D9B8-9071-B6C0488ADF90}.Release|Any CPU.Build.0 = Release|Any CPU
	EndGlobalSection
	GlobalSection(SolutionProperties) = preSolution
		HideSolutionNode = FALSE
	EndGlobalSection
EndGlobal
